
Microsoft Visual Studio Solution File, Format Version 12.00
# Visual Studio 15
VisualStudioVersion = 15.0.26430.15
MinimumVisualStudioVersion = 10.0.40219.1
Project("{FAE04EC0-301F-11D3-BF4B-00C04F79EFBC}") = "Test", "Test\Test.csproj", "{4FA8DB8F-13C2-46E5-98EA-4ACBD96DDEEF}"
EndProject
Project("{FAE04EC0-301F-11D3-BF4B-00C04F79EFBC}") = "Riddlersoft.Graphics", "Riddlersoft.Graphics\Riddlersoft.Graphics.csproj", "{11E8CE57-90C1-4631-A8B2-83B4A3D71C2C}"
EndProject
Project("{FAE04EC0-301F-11D3-BF4B-00C04F79EFBC}") = "Core", "..\Core\Core.csproj", "{10867C37-8A7F-4FB7-A6BF-94C6987CB9E8}"
EndProject
Global
	GlobalSection(SolutionConfigurationPlatforms) = preSolution
		Debug|Any CPU = Debug|Any CPU
		Debug|x86 = Debug|x86
		DebugEditor|Any CPU = DebugEditor|Any CPU
		DebugEditor|x86 = DebugEditor|x86
		Release|Any CPU = Release|Any CPU
		Release|x86 = Release|x86
		SwitchDebug|Any CPU = SwitchDebug|Any CPU
		SwitchDebug|x86 = SwitchDebug|x86
	EndGlobalSection
	GlobalSection(ProjectConfigurationPlatforms) = postSolution
		{4FA8DB8F-13C2-46E5-98EA-4ACBD96DDEEF}.Debug|Any CPU.ActiveCfg = Debug|x86
		{4FA8DB8F-13C2-46E5-98EA-4ACBD96DDEEF}.Debug|x86.ActiveCfg = Debug|x86
		{4FA8DB8F-13C2-46E5-98EA-4ACBD96DDEEF}.Debug|x86.Build.0 = Debug|x86
		{4FA8DB8F-13C2-46E5-98EA-4ACBD96DDEEF}.DebugEditor|Any CPU.ActiveCfg = Release|x86
		{4FA8DB8F-13C2-46E5-98EA-4ACBD96DDEEF}.DebugEditor|Any CPU.Build.0 = Release|x86
		{4FA8DB8F-13C2-46E5-98EA-4ACBD96DDEEF}.DebugEditor|x86.ActiveCfg = Debug|x86
		{4FA8DB8F-13C2-46E5-98EA-4ACBD96DDEEF}.DebugEditor|x86.Build.0 = Debug|x86
		{4FA8DB8F-13C2-46E5-98EA-4ACBD96DDEEF}.Release|Any CPU.ActiveCfg = Release|x86
		{4FA8DB8F-13C2-46E5-98EA-4ACBD96DDEEF}.Release|x86.ActiveCfg = Release|x86
		{4FA8DB8F-13C2-46E5-98EA-4ACBD96DDEEF}.Release|x86.Build.0 = Release|x86
		{4FA8DB8F-13C2-46E5-98EA-4ACBD96DDEEF}.SwitchDebug|Any CPU.ActiveCfg = Release|x86
		{4FA8DB8F-13C2-46E5-98EA-4ACBD96DDEEF}.SwitchDebug|Any CPU.Build.0 = Release|x86
		{4FA8DB8F-13C2-46E5-98EA-4ACBD96DDEEF}.SwitchDebug|x86.ActiveCfg = Debug|x86
		{4FA8DB8F-13C2-46E5-98EA-4ACBD96DDEEF}.SwitchDebug|x86.Build.0 = Debug|x86
		{11E8CE57-90C1-4631-A8B2-83B4A3D71C2C}.Debug|Any CPU.ActiveCfg = Debug|x86
		{11E8CE57-90C1-4631-A8B2-83B4A3D71C2C}.Debug|x86.ActiveCfg = Debug|x86
		{11E8CE57-90C1-4631-A8B2-83B4A3D71C2C}.Debug|x86.Build.0 = Debug|x86
		{11E8CE57-90C1-4631-A8B2-83B4A3D71C2C}.DebugEditor|Any CPU.ActiveCfg = Release|x86
		{11E8CE57-90C1-4631-A8B2-83B4A3D71C2C}.DebugEditor|Any CPU.Build.0 = Release|x86
		{11E8CE57-90C1-4631-A8B2-83B4A3D71C2C}.DebugEditor|x86.ActiveCfg = Debug|x86
		{11E8CE57-90C1-4631-A8B2-83B4A3D71C2C}.DebugEditor|x86.Build.0 = Debug|x86
		{11E8CE57-90C1-4631-A8B2-83B4A3D71C2C}.Release|Any CPU.ActiveCfg = Release|x86
		{11E8CE57-90C1-4631-A8B2-83B4A3D71C2C}.Release|x86.ActiveCfg = Release|x86
		{11E8CE57-90C1-4631-A8B2-83B4A3D71C2C}.Release|x86.Build.0 = Release|x86
		{11E8CE57-90C1-4631-A8B2-83B4A3D71C2C}.SwitchDebug|Any CPU.ActiveCfg = Release|x86
		{11E8CE57-90C1-4631-A8B2-83B4A3D71C2C}.SwitchDebug|Any CPU.Build.0 = Release|x86
		{11E8CE57-90C1-4631-A8B2-83B4A3D71C2C}.SwitchDebug|x86.ActiveCfg = Debug|x86
		{11E8CE57-90C1-4631-A8B2-83B4A3D71C2C}.SwitchDebug|x86.Build.0 = Debug|x86
		{10867C37-8A7F-4FB7-A6BF-94C6987CB9E8}.Debug|Any CPU.ActiveCfg = Debug|Any CPU
		{10867C37-8A7F-4FB7-A6BF-94C6987CB9E8}.Debug|Any CPU.Build.0 = Debug|Any CPU
		{10867C37-8A7F-4FB7-A6BF-94C6987CB9E8}.Debug|x86.ActiveCfg = Debug|Any CPU
		{10867C37-8A7F-4FB7-A6BF-94C6987CB9E8}.Debug|x86.Build.0 = Debug|Any CPU
		{10867C37-8A7F-4FB7-A6BF-94C6987CB9E8}.DebugEditor|Any CPU.ActiveCfg = DebugEditor|Any CPU
		{10867C37-8A7F-4FB7-A6BF-94C6987CB9E8}.DebugEditor|Any CPU.Build.0 = DebugEditor|Any CPU
		{10867C37-8A7F-4FB7-A6BF-94C6987CB9E8}.DebugEditor|x86.ActiveCfg = DebugEditor|Any CPU
		{10867C37-8A7F-4FB7-A6BF-94C6987CB9E8}.DebugEditor|x86.Build.0 = DebugEditor|Any CPU
		{10867C37-8A7F-4FB7-A6BF-94C6987CB9E8}.Release|Any CPU.ActiveCfg = Release|Any CPU
		{10867C37-8A7F-4FB7-A6BF-94C6987CB9E8}.Release|Any CPU.Build.0 = Release|Any CPU
		{10867C37-8A7F-4FB7-A6BF-94C6987CB9E8}.Release|x86.ActiveCfg = Release|Any CPU
		{10867C37-8A7F-4FB7-A6BF-94C6987CB9E8}.Release|x86.Build.0 = Release|Any CPU
		{10867C37-8A7F-4FB7-A6BF-94C6987CB9E8}.SwitchDebug|Any CPU.ActiveCfg = SwitchDebug|Any CPU
		{10867C37-8A7F-4FB7-A6BF-94C6987CB9E8}.SwitchDebug|Any CPU.Build.0 = SwitchDebug|Any CPU
		{10867C37-8A7F-4FB7-A6BF-94C6987CB9E8}.SwitchDebug|x86.ActiveCfg = SwitchDebug|Any CPU
		{10867C37-8A7F-4FB7-A6BF-94C6987CB9E8}.SwitchDebug|x86.Build.0 = SwitchDebug|Any CPU
	EndGlobalSection
	GlobalSection(SolutionProperties) = preSolution
		HideSolutionNode = FALSE
	EndGlobalSection
	GlobalSection(ExtensibilityGlobals) = postSolution
		SolutionGuid = {0478E46F-2D7D-456C-B558-02DF74B7761D}
	EndGlobalSection
EndGlobal
