
Microsoft Visual Studio Solution File, Format Version 12.00
# Visual Studio 14
VisualStudioVersion = 14.0.25420.1
MinimumVisualStudioVersion = 10.0.40219.1
Project("{FAE04EC0-301F-11D3-BF4B-00C04F79EFBC}") = "WinForms", "WinForms.csproj", "{EDCFB9D7-B586-4B6E-91CA-7656EC42B166}"
EndProject
Global
	GlobalSection(SolutionConfigurationPlatforms) = preSolution
		Debug|Any CPU = Debug|Any CPU
		DebugEditor|Any CPU = DebugEditor|Any CPU
		Release|Any CPU = Release|Any CPU
		SwitchDebug|Any CPU = SwitchDebug|Any CPU
	EndGlobalSection
	GlobalSection(ProjectConfigurationPlatforms) = postSolution
		{EDCFB9D7-B586-4B6E-91CA-7656EC42B166}.Debug|Any CPU.ActiveCfg = Debug|Any CPU
		{EDCFB9D7-B586-4B6E-91CA-7656EC42B166}.Debug|Any CPU.Build.0 = Debug|Any CPU
		{EDCFB9D7-B586-4B6E-91CA-7656EC42B166}.DebugEditor|Any CPU.ActiveCfg = DebugEditor|Any CPU
		{EDCFB9D7-B586-4B6E-91CA-7656EC42B166}.DebugEditor|Any CPU.Build.0 = DebugEditor|Any CPU
		{EDCFB9D7-B586-4B6E-91CA-7656EC42B166}.Release|Any CPU.ActiveCfg = Release|Any CPU
		{EDCFB9D7-B586-4B6E-91CA-7656EC42B166}.Release|Any CPU.Build.0 = Release|Any CPU
		{EDCFB9D7-B586-4B6E-91CA-7656EC42B166}.SwitchDebug|Any CPU.ActiveCfg = SwitchDebug|Any CPU
		{EDCFB9D7-B586-4B6E-91CA-7656EC42B166}.SwitchDebug|Any CPU.Build.0 = SwitchDebug|Any CPU
	EndGlobalSection
	GlobalSection(SolutionProperties) = preSolution
		HideSolutionNode = FALSE
	EndGlobalSection
EndGlobal
